# THIS IS AN AUTOGENERATED FILE. DO NOT EDIT THIS FILE DIRECTLY.
# yarn lockfile v1


"@babel/runtime@^7.11.2", "@babel/runtime@^7.12.5", "@babel/runtime@^7.5.5":
  version "7.24.5"
  resolved "https://registry.npmjs.org/@babel/runtime/-/runtime-7.24.5.tgz"
  integrity sha512-Nms86NXrsaeU9vbBJKni6gXiEXZ4CVpYVzEjDH9Sb8vmZ3UljyA1GSOJl/6LGPO8EHLuSF9H+IxNXHPX8QHJ4g==
  dependencies:
    regenerator-runtime "^0.14.0"

"@improbable-eng/grpc-web@^0.15.0":
  version "0.15.0"
  resolved "https://registry.npmjs.org/@improbable-eng/grpc-web/-/grpc-web-0.15.0.tgz"
  integrity sha512-ERft9/0/8CmYalqOVnJnpdDry28q+j+nAlFFARdjyxXDJ+Mhgv9+F600QC8BR9ygOfrXRlAk6CvST2j+JCpQPg==
  dependencies:
    browser-headers "^0.4.1"

"@protobufjs/aspromise@^1.1.1", "@protobufjs/aspromise@^1.1.2":
  version "1.1.2"
  resolved "https://registry.npmjs.org/@protobufjs/aspromise/-/aspromise-1.1.2.tgz"
  integrity sha512-j+gKExEuLmKwvz3OgROXtrJ2UG2x8Ch2YZUxahh+s1F2HZ+wAceUNLkvy6zKCPVRkU++ZWQrdxsUeQXmcg4uoQ==

"@protobufjs/base64@^1.1.2":
  version "1.1.2"
  resolved "https://registry.npmjs.org/@protobufjs/base64/-/base64-1.1.2.tgz"
  integrity sha512-AZkcAA5vnN/v4PDqKyMR5lx7hZttPDgClv83E//FMNhR2TMcLUhfRUBHCmSl0oi9zMgDDqRUJkSxO3wm85+XLg==

"@protobufjs/codegen@^2.0.4":
  version "2.0.4"
  resolved "https://registry.npmjs.org/@protobufjs/codegen/-/codegen-2.0.4.tgz"
  integrity sha512-YyFaikqM5sH0ziFZCN3xDC7zeGaB/d0IUb9CATugHWbd1FRFwWwt4ld4OYMPWu5a3Xe01mGAULCdqhMlPl29Jg==

"@protobufjs/eventemitter@^1.1.0":
  version "1.1.0"
  resolved "https://registry.npmjs.org/@protobufjs/eventemitter/-/eventemitter-1.1.0.tgz"
  integrity sha512-j9ednRT81vYJ9OfVuXG6ERSTdEL1xVsNgqpkxMsbIabzSo3goCjDIveeGv5d03om39ML71RdmrGNjG5SReBP/Q==

"@protobufjs/fetch@^1.1.0":
  version "1.1.0"
  resolved "https://registry.npmjs.org/@protobufjs/fetch/-/fetch-1.1.0.tgz"
  integrity sha512-lljVXpqXebpsijW71PZaCYeIcE5on1w5DlQy5WH6GLbFryLUrBD4932W/E2BSpfRJWseIL4v/KPgBFxDOIdKpQ==
  dependencies:
    "@protobufjs/aspromise" "^1.1.1"
    "@protobufjs/inquire" "^1.1.0"

"@protobufjs/float@^1.0.2":
  version "1.0.2"
  resolved "https://registry.npmjs.org/@protobufjs/float/-/float-1.0.2.tgz"
  integrity sha512-Ddb+kVXlXst9d+R9PfTIxh1EdNkgoRe5tOX6t01f1lYWOvJnSPDBlG241QLzcyPdoNTsblLUdujGSE4RzrTZGQ==

"@protobufjs/inquire@^1.1.0":
  version "1.1.0"
  resolved "https://registry.npmjs.org/@protobufjs/inquire/-/inquire-1.1.0.tgz"
  integrity sha512-kdSefcPdruJiFMVSbn801t4vFK7KB/5gd2fYvrxhuJYg8ILrmn9SKSX2tZdV6V+ksulWqS7aXjBcRXl3wHoD9Q==

"@protobufjs/path@^1.1.2":
  version "1.1.2"
  resolved "https://registry.npmjs.org/@protobufjs/path/-/path-1.1.2.tgz"
  integrity sha512-6JOcJ5Tm08dOHAbdR3GrvP+yUUfkjG5ePsHYczMFLq3ZmMkAD98cDgcT2iA1lJ9NVwFd4tH/iSSoe44YWkltEA==

"@protobufjs/pool@^1.1.0":
  version "1.1.0"
  resolved "https://registry.npmjs.org/@protobufjs/pool/-/pool-1.1.0.tgz"
  integrity sha512-0kELaGSIDBKvcgS4zkjz1PeddatrjYcmMWOlAuAPwAeccUrPHdUqo/J6LiymHHEiJT5NrF1UVwxY14f+fy4WQw==

"@protobufjs/utf8@^1.1.0":
  version "1.1.0"
  resolved "https://registry.npmjs.org/@protobufjs/utf8/-/utf8-1.1.0.tgz"
  integrity sha512-Vvn3zZrhQZkkBE8LSuW3em98c0FwgO4nxzv6OdSxPKJIEKY2bGbHn+mhGIPerzI4twdxaP8/0+06HBpwf345Lw==

"@snap/camera-kit@^0.17.0":
  version "0.17.0"
  resolved "https://registry.npmjs.org/@snap/camera-kit/-/camera-kit-0.17.0.tgz"
  integrity sha512-xqskfy99zhbJGKQLmTVekI0lwUllI9dGyrb6jWF0LpTxKiyCVeKMesXpjBloxYjXikmKMEhEl4XtHxNqOmoa+g==
  dependencies:
    "@improbable-eng/grpc-web" "^0.15.0"
    "@snap/state-management" "^0.17.0"
    browser-fs-access "^0.31.1"
    browser-headers "^0.4.1"
    long "^4.0.0"
    protobufjs "^6.11.3"
    reflect-metadata "^0.1.13"
    rxjs "^7.5.7"
    tslib "^2.5.0"
    uuid "^9.0.0"
    wasm-feature-detect "^1.2.11"

"@snap/state-management@^0.17.0":
  version "0.17.0"
  resolved "https://registry.npmjs.org/@snap/state-management/-/state-management-0.17.0.tgz"
  integrity sha512-Qn8vnf6X5keVjPlPNmIt+HnXPYOePm6SVfJ10H34f0GJkoBVd7tasP65tyisWhIWL+6HDYeCZC00fWRiuwuI3A==

"@types/estree@1.0.5":
  version "1.0.5"
  resolved "https://registry.npmjs.org/@types/estree/-/estree-1.0.5.tgz"
  integrity sha512-/kYRxGDLWzHOB7q+wtSUQlFrtcdUccpfy+X+9iMBpHK8QLLhx2wIPYuS5DYtR9Wa/YlZAbIovy7qVdB1Aq6Lyw==

"@types/long@^4.0.1":
  version "4.0.2"
  resolved "https://registry.npmjs.org/@types/long/-/long-4.0.2.tgz"
  integrity sha512-MqTGEo5bj5t157U6fA/BiDynNkn0YknVdh48CMPkTSpFTVmvao5UQmm7uEF6xBEo7qIMAlY/JSleYaE6VOdpaA==

"@types/node@>=13.7.0":
  version "20.12.12"
  resolved "https://registry.npmjs.org/@types/node/-/node-20.12.12.tgz"
  integrity sha512-eWLDGF/FOSPtAvEqeRAQ4C8LSA7M1I7i0ky1I8U7kD1J5ITyW3AsRhQrKVoWf5pFKZ2kILsEGJhsI9r93PYnOw==
  dependencies:
    undici-types "~5.26.4"

"@videojs/http-streaming@3.12.1":
  version "3.12.1"
  resolved "https://registry.npmjs.org/@videojs/http-streaming/-/http-streaming-3.12.1.tgz"
  integrity sha512-rpB5AMt0QZ9bMXzwiWhynF2NLNnm5g2DZjPOFX6OoFqqXhbe2ngY2nqm9lLRhRVe22YeysQCmAlvBNwGuWFI8Q==
  dependencies:
    "@babel/runtime" "^7.12.5"
    "@videojs/vhs-utils" "4.0.0"
    aes-decrypter "4.0.1"
    global "^4.4.0"
    m3u8-parser "^7.1.0"
    mpd-parser "^1.3.0"
    mux.js "7.0.3"
    video.js "^7 || ^8"

"@videojs/vhs-utils@4.0.0", "@videojs/vhs-utils@^4.0.0":
  version "4.0.0"
  resolved "https://registry.npmjs.org/@videojs/vhs-utils/-/vhs-utils-4.0.0.tgz"
  integrity sha512-xJp7Yd4jMLwje2vHCUmi8MOUU76nxiwII3z4Eg3Ucb+6rrkFVGosrXlMgGnaLjq724j3wzNElRZ71D/CKrTtxg==
  dependencies:
    "@babel/runtime" "^7.12.5"
    global "^4.4.0"
    url-toolkit "^2.2.1"

"@videojs/vhs-utils@^3.0.5":
  version "3.0.5"
  resolved "https://registry.npmjs.org/@videojs/vhs-utils/-/vhs-utils-3.0.5.tgz"
  integrity sha512-PKVgdo8/GReqdx512F+ombhS+Bzogiofy1LgAj4tN8PfdBx3HSS7V5WfJotKTqtOWGwVfSWsrYN/t09/DSryrw==
  dependencies:
    "@babel/runtime" "^7.12.5"
    global "^4.4.0"
    url-toolkit "^2.2.1"

"@videojs/xhr@2.6.0":
  version "2.6.0"
  resolved "https://registry.npmjs.org/@videojs/xhr/-/xhr-2.6.0.tgz"
  integrity sha512-7J361GiN1tXpm+gd0xz2QWr3xNWBE+rytvo8J3KuggFaLg+U37gZQ2BuPLcnkfGffy2e+ozY70RHC8jt7zjA6Q==
  dependencies:
    "@babel/runtime" "^7.5.5"
    global "~4.4.0"
    is-function "^1.0.1"

"@xmldom/xmldom@^0.8.3":
  version "0.8.10"
  resolved "https://registry.npmjs.org/@xmldom/xmldom/-/xmldom-0.8.10.tgz"
  integrity sha512-2WALfTl4xo2SkGCYRt6rDTFfk9R1czmBvUQy12gK2KuRKIpWEhcbbzy8EZXtz/jkRqHX8bFEc6FC1HjX4TUWYw==

aes-decrypter@4.0.1, aes-decrypter@^4.0.1:
  version "4.0.1"
  resolved "https://registry.npmjs.org/aes-decrypter/-/aes-decrypter-4.0.1.tgz"
  integrity sha512-H1nh/P9VZXUf17AA5NQfJML88CFjVBDuGkp5zDHa7oEhYN9TTpNLJknRY1ie0iSKWlDf6JRnJKaZVDSQdPy6Cg==
  dependencies:
    "@babel/runtime" "^7.12.5"
    "@videojs/vhs-utils" "^3.0.5"
    global "^4.4.0"
    pkcs7 "^1.0.4"

browser-fs-access@^0.31.1:
  version "0.31.2"
  resolved "https://registry.npmjs.org/browser-fs-access/-/browser-fs-access-0.31.2.tgz"
  integrity sha512-wZSA7UgKMwR6oxddFQeSIoD7cxiNiaZT+iuVJw4/avr9t2ROwu80gxENT0YJChsLxJ7xBbLZDGHTAXfAg3Pq5Q==

browser-headers@^0.4.1:
  version "0.4.1"
  resolved "https://registry.npmjs.org/browser-headers/-/browser-headers-0.4.1.tgz"
  integrity sha512-CA9hsySZVo9371qEHjHZtYxV2cFtVj5Wj/ZHi8ooEsrtm4vOnl9Y9HmyYWk9q+05d7K3rdoAE0j3MVEFVvtQtg==

dom-walk@^0.1.0:
  version "0.1.2"
  resolved "https://registry.npmjs.org/dom-walk/-/dom-walk-0.1.2.tgz"
  integrity sha512-6QvTW9mrGeIegrFXdtQi9pk7O/nSK6lSdXW2eqUspN5LWD7UTji2Fqw5V2YLjBpHEoU9Xl/eUWNpDeZvoyOv2w==

esbuild@^0.20.1:
  version "0.20.2"
  resolved "https://registry.npmjs.org/esbuild/-/esbuild-0.20.2.tgz"
  integrity sha512-WdOOppmUNU+IbZ0PaDiTst80zjnrOkyJNHoKupIcVyU8Lvla3Ugx94VzkQ32Ijqd7UhHJy75gNWDMUekcrSJ6g==

fsevents@~2.3.2, fsevents@~2.3.3:
  version "2.3.3"
  resolved "https://registry.yarnpkg.com/fsevents/-/fsevents-2.3.3.tgz#cac6407785d03675a2a5e1a5305c697b347d90d6"
  integrity sha512-5xoDfX+fL7faATnagmWPpbFtwh/R77WmMMqqHGS65C3vvB0YHrgF+B1YmZ3441tMj5n63k0212XNoJwzlhffQw==

global@4.4.0, global@^4.3.1, global@^4.4.0, global@~4.4.0:
  version "4.4.0"
  resolved "https://registry.npmjs.org/global/-/global-4.4.0.tgz"
  integrity sha512-wv/LAoHdRE3BeTGz53FAamhGlPLhlssK45usmGFThIi4XqnBmjKQ16u+RNbP7WvigRZDxUsM0J3gcQ5yicaL0w==
  dependencies:
    min-document "^2.19.0"
    process "^0.11.10"

individual@^2.0.0:
  version "2.0.0"
  resolved "https://registry.npmjs.org/individual/-/individual-2.0.0.tgz"
  integrity sha512-pWt8hBCqJsUWI/HtcfWod7+N9SgAqyPEaF7JQjwzjn5vGrpg6aQ5qeAFQ7dx//UH4J1O+7xqew+gCeeFt6xN/g==

is-function@^1.0.1:
  version "1.0.2"
  resolved "https://registry.npmjs.org/is-function/-/is-function-1.0.2.tgz"
  integrity sha512-lw7DUp0aWXYg+CBCN+JKkcE0Q2RayZnSvnZBlwgxHBQhqt5pZNVy4Ri7H9GmmXkdu7LUthszM+Tor1u/2iBcpQ==

keycode@2.2.0:
  version "2.2.0"
  resolved "https://registry.npmjs.org/keycode/-/keycode-2.2.0.tgz"
  integrity sha512-ps3I9jAdNtRpJrbBvQjpzyFbss/skHqzS+eu4RxKLaEAtFqkjZaB6TZMSivPbLxf4K7VI4SjR0P5mRCX5+Q25A==

long@^4.0.0:
  version "4.0.0"
  resolved "https://registry.npmjs.org/long/-/long-4.0.0.tgz"
  integrity sha512-XsP+KhQif4bjX1kbuSiySJFNAehNxgLb6hPRGJ9QsUr8ajHkuXGdrHmFUTUUXhDwVX2R5bY4JNZEwbUiMhV+MA==

m3u8-parser@^7.1.0:
  version "7.1.0"
  resolved "https://registry.npmjs.org/m3u8-parser/-/m3u8-parser-7.1.0.tgz"
  integrity sha512-7N+pk79EH4oLKPEYdgRXgAsKDyA/VCo0qCHlUwacttQA0WqsjZQYmNfywMvjlY9MpEBVZEt0jKFd73Kv15EBYQ==
  dependencies:
    "@babel/runtime" "^7.12.5"
    "@videojs/vhs-utils" "^3.0.5"
    global "^4.4.0"

min-document@^2.19.0:
  version "2.19.0"
  resolved "https://registry.npmjs.org/min-document/-/min-document-2.19.0.tgz"
  integrity sha512-9Wy1B3m3f66bPPmU5hdA4DR4PB2OfDU/+GS3yAB7IQozE3tqXaVv2zOjgla7MEGSRv95+ILmOuvhLkOK6wJtCQ==
  dependencies:
    dom-walk "^0.1.0"

mpd-parser@^1.2.2, mpd-parser@^1.3.0:
  version "1.3.0"
  resolved "https://registry.npmjs.org/mpd-parser/-/mpd-parser-1.3.0.tgz"
  integrity sha512-WgeIwxAqkmb9uTn4ClicXpEQYCEduDqRKfmUdp4X8vmghKfBNXZLYpREn9eqrDx/Tf5LhzRcJLSpi4ohfV742Q==
  dependencies:
    "@babel/runtime" "^7.12.5"
    "@videojs/vhs-utils" "^4.0.0"
    "@xmldom/xmldom" "^0.8.3"
    global "^4.4.0"

mux.js@7.0.3, mux.js@^7.0.1:
  version "7.0.3"
  resolved "https://registry.npmjs.org/mux.js/-/mux.js-7.0.3.tgz"
  integrity sha512-gzlzJVEGFYPtl2vvEiJneSWAWD4nfYRHD5XgxmB2gWvXraMPOYk+sxfvexmNfjQUFpmk6hwLR5C6iSFmuwCHdQ==
  dependencies:
    "@babel/runtime" "^7.11.2"
    global "^4.4.0"

nanoid@^3.3.7:
  version "3.3.7"
  resolved "https://registry.npmjs.org/nanoid/-/nanoid-3.3.7.tgz"
  integrity sha512-eSRppjcPIatRIMC1U6UngP8XFcz8MQWGQdt1MTBQ7NaAmvXDfvNxbvWV3x2y6CdEUciCSsDHDQZbhYaB8QEo2g==

picocolors@^1.0.0:
  version "1.0.1"
  resolved "https://registry.npmjs.org/picocolors/-/picocolors-1.0.1.tgz"
  integrity sha512-anP1Z8qwhkbmu7MFP5iTt+wQKXgwzf7zTyGlcdzabySa9vd0Xt392U0rVmz9poOaBj0uHJKyyo9/upk0HrEQew==

pkcs7@^1.0.4:
  version "1.0.4"
  resolved "https://registry.npmjs.org/pkcs7/-/pkcs7-1.0.4.tgz"
  integrity sha512-afRERtHn54AlwaF2/+LFszyAANTCggGilmcmILUzEjvs3XgFZT+xE6+QWQcAGmu4xajy+Xtj7acLOPdx5/eXWQ==
  dependencies:
    "@babel/runtime" "^7.5.5"

postcss@^8.4.38:
  version "8.4.38"
  resolved "https://registry.npmjs.org/postcss/-/postcss-8.4.38.tgz"
  integrity sha512-Wglpdk03BSfXkHoQa3b/oulrotAkwrlLDRSOb9D0bN86FdRyE9lppSp33aHNPgBa0JKCoB+drFLZkQoRRYae5A==
  dependencies:
    nanoid "^3.3.7"
    picocolors "^1.0.0"
    source-map-js "^1.2.0"

process@^0.11.10:
  version "0.11.10"
  resolved "https://registry.npmjs.org/process/-/process-0.11.10.tgz"
  integrity sha512-cdGef/drWFoydD1JsMzuFf8100nZl+GT+yacc2bEced5f9Rjk4z+WtFUTBu9PhOi9j/jfmBPu0mMEY4wIdAF8A==

protobufjs@^6.11.3:
  version "6.11.4"
  resolved "https://registry.npmjs.org/protobufjs/-/protobufjs-6.11.4.tgz"
  integrity sha512-5kQWPaJHi1WoCpjTGszzQ32PG2F4+wRY6BmAT4Vfw56Q2FZ4YZzK20xUYQH4YkfehY1e6QSICrJquM6xXZNcrw==
  dependencies:
    "@protobufjs/aspromise" "^1.1.2"
    "@protobufjs/base64" "^1.1.2"
    "@protobufjs/codegen" "^2.0.4"
    "@protobufjs/eventemitter" "^1.1.0"
    "@protobufjs/fetch" "^1.1.0"
    "@protobufjs/float" "^1.0.2"
    "@protobufjs/inquire" "^1.1.0"
    "@protobufjs/path" "^1.1.2"
    "@protobufjs/pool" "^1.1.0"
    "@protobufjs/utf8" "^1.1.0"
    "@types/long" "^4.0.1"
    "@types/node" ">=13.7.0"
    long "^4.0.0"

recordrtc@>=5.6.2:
  version "5.6.2"
  resolved "https://registry.npmjs.org/recordrtc/-/recordrtc-5.6.2.tgz"
  integrity sha512-1QNKKNtl7+KcwD1lyOgP3ZlbiJ1d0HtXnypUy7yq49xEERxk31PHvE9RCciDrulPCY7WJ+oz0R9hpNxgsIurGQ==

reflect-metadata@^0.1.13:
  version "0.1.14"
  resolved "https://registry.npmjs.org/reflect-metadata/-/reflect-metadata-0.1.14.tgz"
  integrity sha512-ZhYeb6nRaXCfhnndflDK8qI6ZQ/YcWZCISRAWICW9XYqMUwjZM9Z0DveWX/ABN01oxSHwVxKQmxeYZSsm0jh5A==

regenerator-runtime@^0.14.0:
  version "0.14.1"
  resolved "https://registry.npmjs.org/regenerator-runtime/-/regenerator-runtime-0.14.1.tgz"
  integrity sha512-dYnhHh0nJoMfnkZs6GmmhFknAGRrLznOu5nc9ML+EJxGvrx6H7teuevqVqCuPcPK//3eDrrjQhehXVx9cnkGdw==

rollup@^4.13.0:
  version "4.17.2"
  resolved "https://registry.npmjs.org/rollup/-/rollup-4.17.2.tgz"
  integrity sha512-/9ClTJPByC0U4zNLowV1tMBe8yMEAxewtR3cUNX5BoEpGH3dQEWpJLr6CLp0fPdYRF/fzVOgvDb1zXuakwF5kQ==
  dependencies:
    "@types/estree" "1.0.5"
  optionalDependencies:
    fsevents "~2.3.2"

rust-result@^1.0.0:
  version "1.0.0"
  resolved "https://registry.npmjs.org/rust-result/-/rust-result-1.0.0.tgz"
  integrity sha512-6cJzSBU+J/RJCF063onnQf0cDUOHs9uZI1oroSGnHOph+CQTIJ5Pp2hK5kEQq1+7yE/EEWfulSNXAQ2jikPthA==
  dependencies:
    individual "^2.0.0"

rxjs@^7.5.7:
  version "7.8.1"
  resolved "https://registry.npmjs.org/rxjs/-/rxjs-7.8.1.tgz"
  integrity sha512-AA3TVj+0A2iuIoQkWEK/tqFjBq2j+6PO6Y0zJcvzLAFhEFIO3HL0vls9hWLncZbAAbK0mar7oZ4V079I/qPMxg==
  dependencies:
    tslib "^2.1.0"

safe-json-parse@4.0.0:
  version "4.0.0"
  resolved "https://registry.npmjs.org/safe-json-parse/-/safe-json-parse-4.0.0.tgz"
  integrity sha512-RjZPPHugjK0TOzFrLZ8inw44s9bKox99/0AZW9o/BEQVrJfhI+fIHMErnPyRa89/yRXUUr93q+tiN6zhoVV4wQ==
  dependencies:
    rust-result "^1.0.0"

sdp@^3.2.0:
  version "3.2.0"
  resolved "https://registry.npmjs.org/sdp/-/sdp-3.2.0.tgz"
  integrity sha512-d7wDPgDV3DDiqulJjKiV2865wKsJ34YI+NDREbm+FySq6WuKOikwyNQcm+doLAZ1O6ltdO0SeKle2xMpN3Brgw==

source-map-js@^1.2.0:
  version "1.2.0"
  resolved "https://registry.npmjs.org/source-map-js/-/source-map-js-1.2.0.tgz"
  integrity sha512-itJW8lvSA0TXEphiRoawsCksnlf8SyvmFzIhltqAHluXd88pkCd+cXJVHTDwdCr0IzwptSm035IHQktUu1QUMg==

tslib@^2.1.0, tslib@^2.5.0:
  version "2.6.2"
  resolved "https://registry.npmjs.org/tslib/-/tslib-2.6.2.tgz"
  integrity sha512-AEYxH93jGFPn/a2iVAwW87VuUIkR1FVUKB77NwMF7nBTDkDrrT/Hpt/IrCJ0QXhW27jTBDcf5ZY7w6RiqTMw2Q==

undici-types@~5.26.4:
  version "5.26.5"
  resolved "https://registry.npmjs.org/undici-types/-/undici-types-5.26.5.tgz"
  integrity sha512-JlCMO+ehdEIKqlFxk6IfVoAUVmgz7cU7zD/h9XZ0qzeosSHmUJVOzSQvvYSYWXkFXC+IfLKSIffhv0sVZup6pA==

url-toolkit@^2.2.1:
  version "2.2.5"
  resolved "https://registry.npmjs.org/url-toolkit/-/url-toolkit-2.2.5.tgz"
  integrity sha512-mtN6xk+Nac+oyJ/PrI7tzfmomRVNFIWKUbG8jdYFt52hxbiReFAXIjYskvu64/dvuW71IcB7lV8l0HvZMac6Jg==

uuid@^9.0.0:
  version "9.0.1"
  resolved "https://registry.npmjs.org/uuid/-/uuid-9.0.1.tgz"
  integrity sha512-b+1eJOlsR9K8HJpow9Ok3fiWOWSIcIzXodvv0rQjVoOVNpWMpxf1wZNpt4y9h10odCNrqnYp1OBzRktckBe3sA==

video.js@>=7.0.5, "video.js@^7 || ^8":
  version "8.12.0"
  resolved "https://registry.npmjs.org/video.js/-/video.js-8.12.0.tgz"
  integrity sha512-bLjfg3y09CAed1xZ4FujdTW7G9kgL0CJHaBnDKwBUgYuutijCutYPP5yQGCdN6VOi76uEuOpINwmTJSJia6zww==
  dependencies:
    "@babel/runtime" "^7.12.5"
    "@videojs/http-streaming" "3.12.1"
    "@videojs/vhs-utils" "^4.0.0"
    "@videojs/xhr" "2.6.0"
    aes-decrypter "^4.0.1"
    global "4.4.0"
    keycode "2.2.0"
    m3u8-parser "^7.1.0"
    mpd-parser "^1.2.2"
    mux.js "^7.0.1"
    safe-json-parse "4.0.0"
    videojs-contrib-quality-levels "4.1.0"
    videojs-font "4.1.0"
    videojs-vtt.js "0.15.5"

videojs-contrib-quality-levels@4.1.0:
  version "4.1.0"
  resolved "https://registry.npmjs.org/videojs-contrib-quality-levels/-/videojs-contrib-quality-levels-4.1.0.tgz"
  integrity sha512-TfrXJJg1Bv4t6TOCMEVMwF/CoS8iENYsWNKip8zfhB5kTcegiFYezEA0eHAJPU64ZC8NQbxQgOwAsYU8VXbOWA==
  dependencies:
    global "^4.4.0"

videojs-font@4.1.0:
  version "4.1.0"
  resolved "https://registry.npmjs.org/videojs-font/-/videojs-font-4.1.0.tgz"
  integrity sha512-X1LuPfLZPisPLrANIAKCknZbZu5obVM/ylfd1CN+SsCmPZQ3UMDPcvLTpPBJxcBuTpHQq2MO1QCFt7p8spnZ/w==

videojs-record@^4.8.0:
  version "4.8.0"
  resolved "https://registry.npmjs.org/videojs-record/-/videojs-record-4.8.0.tgz"
  integrity sha512-RvCaJ1itFUfTUKfXgoZ/z25v+xIC7faG/zbtg4Pb8pB1n74ma3K77wpAIM486qpgjsg9uHTJJAsDokN92Xs3ag==
  dependencies:
    recordrtc ">=5.6.2"
    video.js ">=7.0.5"
    videojs-wavesurfer ">=3.10.0"
    webrtc-adapter ">=8.2.3"

videojs-vtt.js@0.15.5:
  version "0.15.5"
  resolved "https://registry.npmjs.org/videojs-vtt.js/-/videojs-vtt.js-0.15.5.tgz"
  integrity sha512-yZbBxvA7QMYn15Lr/ZfhhLPrNpI/RmCSCqgIff57GC2gIrV5YfyzLfLyZMj0NnZSAz8syB4N0nHXpZg9MyrMOQ==
  dependencies:
    global "^4.3.1"

videojs-wavesurfer@>=3.10.0:
  version "3.10.0"
  resolved "https://registry.npmjs.org/videojs-wavesurfer/-/videojs-wavesurfer-3.10.0.tgz"
  integrity sha512-NFLnPtlq3poxvPIAAHsIaT53SifF3Npu5q1F932/WLkTA/uuPKAohSUw2WjzDgJ/2/xtGnuCGE6CGQYYhoeatg==
  dependencies:
    video.js ">=7.0.5"
    wavesurfer.js ">=6.3.0 <7.0.0"

vite@^5.2.11:
  version "5.2.11"
  resolved "https://registry.npmjs.org/vite/-/vite-5.2.11.tgz"
  integrity sha512-HndV31LWW05i1BLPMUCE1B9E9GFbOu1MbenhS58FuK6owSO5qHm7GiCotrNY1YE5rMeQSFBGmT5ZaLEjFizgiQ==
  dependencies:
    esbuild "^0.20.1"
    postcss "^8.4.38"
    rollup "^4.13.0"
  optionalDependencies:
    fsevents "~2.3.3"

wasm-feature-detect@^1.2.11:
  version "1.6.1"
  resolved "https://registry.npmjs.org/wasm-feature-detect/-/wasm-feature-detect-1.6.1.tgz"
  integrity sha512-R1i9ED8UlLu/foILNB1ck9XS63vdtqU/tP1MCugVekETp/ySCrBZRk5I/zI67cI1wlQYeSonNm1PLjDHZDNg6g==

"wavesurfer.js@>=6.3.0 <7.0.0":
  version "6.6.4"
  resolved "https://registry.npmjs.org/wavesurfer.js/-/wavesurfer.js-6.6.4.tgz"
  integrity sha512-nBbc0pD/3FdClxKUKL1UW2V9AJPL+JOjC8T6/YF9/FCAn4uo+H6Y8VBkXo9UJXIHoBewoc7iXj3tPeL0UCJhjA==

webrtc-adapter@>=8.2.3:
  version "9.0.1"
  resolved "https://registry.npmjs.org/webrtc-adapter/-/webrtc-adapter-9.0.1.tgz"
  integrity sha512-1AQO+d4ElfVSXyzNVTOewgGT/tAomwwztX/6e3totvyyzXPvXIIuUUjAmyZGbKBKbZOXauuJooZm3g6IuFuiNQ==
  dependencies:
    sdp "^3.2.0"
